
Microsoft Visual Studio Solution File, Format Version 12.00
# Visual Studio Version 17
VisualStudioVersion = 17.3.32922.545
MinimumVisualStudioVersion = 10.0.40219.1
Project("{FAE04EC0-301F-11D3-BF4B-00C04F79EFBC}") = "LoginPage", "LoginPage\LoginPage.csproj", "{C6D040E6-0C6B-4CFF-A1BA-9DF98E5C18FB}"
EndProject
Global
	GlobalSection(SolutionConfigurationPlatforms) = preSolution
		Debug|Any CPU = Debug|Any CPU
		Release|Any CPU = Release|Any CPU
	EndGlobalSection
	GlobalSection(ProjectConfigurationPlatforms) = postSolution
		{C6D040E6-0C6B-4CFF-A1BA-9DF98E5C18FB}.Debug|Any CPU.ActiveCfg = Debug|Any CPU
		{C6D040E6-0C6B-4CFF-A1BA-9DF98E5C18FB}.Debug|Any CPU.Build.0 = Debug|Any CPU
		{C6D040E6-0C6B-4CFF-A1BA-9DF98E5C18FB}.Release|Any CPU.ActiveCfg = Release|Any CPU
		{C6D040E6-0C6B-4CFF-A1BA-9DF98E5C18FB}.Release|Any CPU.Build.0 = Release|Any CPU
	EndGlobalSection
	GlobalSection(SolutionProperties) = preSolution
		HideSolutionNode = FALSE
	EndGlobalSection
	GlobalSection(ExtensibilityGlobals) = postSolution
		SolutionGuid = {ED451358-1808-45ED-AF49-E407C7371224}
	EndGlobalSection
EndGlobal
